{
  "name": "skellycam-tauri-nuxt-app",
  "lockfileVersion": 3,
  "requires": true,
  "packages": {
    "": {
      "name": "skellycam-tauri-nuxt-app",
      "hasInstallScript": true,
      "dependencies": {
        "@tauri-apps/api": "^1.5.3"
      },
      "devDependencies": {
        "@tauri-apps/cli": "^1.5.11"
      }
    },
    "node_modules/@tauri-apps/api": {
      "version": "1.5.3",
      "resolved": "https://registry.npmjs.org/@tauri-apps/api/-/api-1.5.3.tgz",
      "integrity": "sha512-zxnDjHHKjOsrIzZm6nO5Xapb/BxqUq1tc7cGkFXsFkGTsSWgCPH1D8mm0XS9weJY2OaR73I3k3S+b7eSzJDfqA==",
      "engines": {
        "node": ">= 14.6.0",
        "npm": ">= 6.6.0",
        "yarn": ">= 1.19.1"
      },
      "funding": {
        "type": "opencollective",
        "url": "https://opencollective.com/tauri"
      }
    },
    "node_modules/@tauri-apps/cli": {
      "version": "1.5.11",
      "resolved": "https://registry.npmjs.org/@tauri-apps/cli/-/cli-1.5.11.tgz",
      "integrity": "sha512-B475D7phZrq5sZ3kDABH4g2mEoUIHtnIO+r4ZGAAfsjMbZCwXxR/jlMGTEL+VO3YzjpF7gQe38IzB4vLBbVppw==",
      "dev": true,
      "bin": {
        "tauri": "tauri.js"
      },
      "engines": {
        "node": ">= 10"
      },
      "funding": {
        "type": "opencollective",
        "url": "https://opencollective.com/tauri"
      },
      "optionalDependencies": {
        "@tauri-apps/cli-darwin-arm64": "1.5.11",
        "@tauri-apps/cli-darwin-x64": "1.5.11",
        "@tauri-apps/cli-linux-arm-gnueabihf": "1.5.11",
        "@tauri-apps/cli-linux-arm64-gnu": "1.5.11",
        "@tauri-apps/cli-linux-arm64-musl": "1.5.11",
        "@tauri-apps/cli-linux-x64-gnu": "1.5.11",
        "@tauri-apps/cli-linux-x64-musl": "1.5.11",
        "@tauri-apps/cli-win32-arm64-msvc": "1.5.11",
        "@tauri-apps/cli-win32-ia32-msvc": "1.5.11",
        "@tauri-apps/cli-win32-x64-msvc": "1.5.11"
      }
    },
    "node_modules/@tauri-apps/cli-darwin-arm64": {
      "version": "1.5.11",
      "resolved": "https://registry.npmjs.org/@tauri-apps/cli-darwin-arm64/-/cli-darwin-arm64-1.5.11.tgz",
      "integrity": "sha512-2NLSglDb5VfvTbMtmOKWyD+oaL/e8Z/ZZGovHtUFyUSFRabdXc6cZOlcD1BhFvYkHqm+TqGaz5qtPR5UbqDs8A==",
      "cpu": [
        "arm64"
      ],
      "dev": true,
      "optional": true,
      "os": [
        "darwin"
      ],
      "engines": {
        "node": ">= 10"
      }
    },
    "node_modules/@tauri-apps/cli-darwin-x64": {
      "version": "1.5.11",
      "resolved": "https://registry.npmjs.org/@tauri-apps/cli-darwin-x64/-/cli-darwin-x64-1.5.11.tgz",
      "integrity": "sha512-/RQllHiJRH2fJOCudtZlaUIjofkHzP3zZgxi71ZUm7Fy80smU5TDfwpwOvB0wSVh0g/ciDjMArCSTo0MRvL+ag==",
      "cpu": [
        "x64"
      ],
      "dev": true,
      "optional": true,
      "os": [
        "darwin"
      ],
      "engines": {
        "node": ">= 10"
      }
    },
    "node_modules/@tauri-apps/cli-linux-arm-gnueabihf": {
      "version": "1.5.11",
      "resolved": "https://registry.npmjs.org/@tauri-apps/cli-linux-arm-gnueabihf/-/cli-linux-arm-gnueabihf-1.5.11.tgz",
      "integrity": "sha512-IlBuBPKmMm+a5LLUEK6a21UGr9ZYd6zKuKLq6IGM4tVweQa8Sf2kP2Nqs74dMGIUrLmMs0vuqdURpykQg+z4NQ==",
      "cpu": [
        "arm"
      ],
      "dev": true,
      "optional": true,
      "os": [
        "linux"
      ],
      "engines": {
        "node": ">= 10"
      }
    },
    "node_modules/@tauri-apps/cli-linux-arm64-gnu": {
      "version": "1.5.11",
      "resolved": "https://registry.npmjs.org/@tauri-apps/cli-linux-arm64-gnu/-/cli-linux-arm64-gnu-1.5.11.tgz",
      "integrity": "sha512-w+k1bNHCU/GbmXshtAhyTwqosThUDmCEFLU4Zkin1vl2fuAtQry2RN7thfcJFepblUGL/J7yh3Q/0+BCjtspKQ==",
      "cpu": [
        "arm64"
      ],
      "dev": true,
      "optional": true,
      "os": [
        "linux"
      ],
      "engines": {
        "node": ">= 10"
      }
    },
    "node_modules/@tauri-apps/cli-linux-arm64-musl": {
      "version": "1.5.11",
      "resolved": "https://registry.npmjs.org/@tauri-apps/cli-linux-arm64-musl/-/cli-linux-arm64-musl-1.5.11.tgz",
      "integrity": "sha512-PN6/dl+OfYQ/qrAy4HRAfksJ2AyWQYn2IA/2Wwpaa7SDRz2+hzwTQkvajuvy0sQ5L2WCG7ymFYRYMbpC6Hk9Pg==",
      "cpu": [
        "arm64"
      ],
      "dev": true,
      "optional": true,
      "os": [
        "linux"
      ],
      "engines": {
        "node": ">= 10"
      }
    },
    "node_modules/@tauri-apps/cli-linux-x64-gnu": {
      "version": "1.5.11",
      "resolved": "https://registry.npmjs.org/@tauri-apps/cli-linux-x64-gnu/-/cli-linux-x64-gnu-1.5.11.tgz",
      "integrity": "sha512-MTVXLi89Nj7Apcvjezw92m7ZqIDKT5SFKZtVPCg6RoLUBTzko/BQoXYIRWmdoz2pgkHDUHgO2OMJ8oKzzddXbw==",
      "cpu": [
        "x64"
      ],
      "dev": true,
      "optional": true,
      "os": [
        "linux"
      ],
      "engines": {
        "node": ">= 10"
      }
    },
    "node_modules/@tauri-apps/cli-linux-x64-musl": {
      "version": "1.5.11",
      "resolved": "https://registry.npmjs.org/@tauri-apps/cli-linux-x64-musl/-/cli-linux-x64-musl-1.5.11.tgz",
      "integrity": "sha512-kwzAjqFpz7rvTs7WGZLy/a5nS5t15QKr3E9FG95MNF0exTl3d29YoAUAe1Mn0mOSrTJ9Z+vYYAcI/QdcsGBP+w==",
      "cpu": [
        "x64"
      ],
      "dev": true,
      "optional": true,
      "os": [
        "linux"
      ],
      "engines": {
        "node": ">= 10"
      }
    },
    "node_modules/@tauri-apps/cli-win32-arm64-msvc": {
      "version": "1.5.11",
      "resolved": "https://registry.npmjs.org/@tauri-apps/cli-win32-arm64-msvc/-/cli-win32-arm64-msvc-1.5.11.tgz",
      "integrity": "sha512-L+5NZ/rHrSUrMxjj6YpFYCXp6wHnq8c8SfDTBOX8dO8x+5283/vftb4vvuGIsLS4UwUFXFnLt3XQr44n84E67Q==",
      "cpu": [
        "arm64"
      ],
      "dev": true,
      "optional": true,
      "os": [
        "win32"
      ],
      "engines": {
        "node": ">= 10"
      }
    },
    "node_modules/@tauri-apps/cli-win32-ia32-msvc": {
      "version": "1.5.11",
      "resolved": "https://registry.npmjs.org/@tauri-apps/cli-win32-ia32-msvc/-/cli-win32-ia32-msvc-1.5.11.tgz",
      "integrity": "sha512-oVlD9IVewrY0lZzTdb71kNXkjdgMqFq+ohb67YsJb4Rf7o8A9DTlFds1XLCe3joqLMm4M+gvBKD7YnGIdxQ9vA==",
      "cpu": [
        "ia32"
      ],
      "dev": true,
      "optional": true,
      "os": [
        "win32"
      ],
      "engines": {
        "node": ">= 10"
      }
    },
    "node_modules/@tauri-apps/cli-win32-x64-msvc": {
      "version": "1.5.11",
      "resolved": "https://registry.npmjs.org/@tauri-apps/cli-win32-x64-msvc/-/cli-win32-x64-msvc-1.5.11.tgz",
      "integrity": "sha512-1CexcqUFCis5ypUIMOKllxUBrna09McbftWENgvVXMfA+SP+yPDPAVb8fIvUcdTIwR/yHJwcIucmTB4anww4vg==",
      "cpu": [
        "x64"
      ],
      "dev": true,
      "optional": true,
      "os": [
        "win32"
      ],
      "engines": {
        "node": ">= 10"
      }
    }
  }
}
